<?xml version="1.0" encoding="utf-8"?>
<Project ToolsVersion="4.0" xmlns="http://schemas.microsoft.com/developer/msbuild/2003">
  <ItemGroup>
    <Filter Include="template code">
      <UniqueIdentifier>{bf32dd6e-4be7-4889-8ac6-49e7ee163c40}</UniqueIdentifier>
    </Filter>
    <Filter Include="Inc">
      <UniqueIdentifier>{1123e165-94b2-4fda-b3b0-bb69b3b8521b}</UniqueIdentifier>
    </Filter>
    <Filter Include="src">
      <UniqueIdentifier>{664d0ce5-268c-4019-9e93-620dc7256dae}</UniqueIdentifier>
    </Filter>
  </ItemGroup>
  <ItemGroup>
    <Text Include="_readme.txt">
      <Filter>template code</Filter>
    </Text>
  </ItemGroup>
  <ItemGroup>
    <ClCompile Include="src\Ball.cpp">
      <Filter>src</Filter>
    </ClCompile>
    <ClCompile Include="src\Bullet.cpp">
      <Filter>src</Filter>
    </ClCompile>
    <ClCompile Include="src\Menu.cpp">
      <Filter>src</Filter>
    </ClCompile>
    <ClCompile Include="src\Player.cpp">
      <Filter>src</Filter>
    </ClCompile>
    <ClCompile Include="src\Collision.cpp">
      <Filter>src</Filter>
    </ClCompile>
    <ClCompile Include="src\template.cpp">
      <Filter>template code</Filter>
    </ClCompile>
    <ClCompile Include="src\surface.cpp">
      <Filter>template code</Filter>
    </ClCompile>
    <ClCompile Include="src\game.cpp">
      <Filter>src</Filter>
    </ClCompile>
  </ItemGroup>
  <ItemGroup>
    <ClInclude Include="inc\Ball.h">
      <Filter>Inc</Filter>
    </ClInclude>
    <ClInclude Include="inc\Bullet.h">
      <Filter>Inc</Filter>
    </ClInclude>
    <ClInclude Include="inc\Collision.h">
      <Filter>Inc</Filter>
    </ClInclude>
    <ClInclude Include="inc\Menu.h">
      <Filter>Inc</Filter>
    </ClInclude>
    <ClInclude Include="inc\Player.h">
      <Filter>Inc</Filter>
    </ClInclude>
    <ClInclude Include="inc\surface.h">
      <Filter>template code</Filter>
    </ClInclude>
    <ClInclude Include="inc\template.h">
      <Filter>template code</Filter>
    </ClInclude>
    <ClInclude Include="inc\game.h">
      <Filter>Inc</Filter>
    </ClInclude>
  </ItemGroup>
</Project>